
Microsoft Visual Studio Solution File, Format Version 11.00
# Visual Studio 2010
Project("{8BC9CEB8-8B4A-11D0-8D11-00A0C91BC942}") = "DVA222_Project", "DVA222_Project\DVA222_Project.vcxproj", "{5873C586-0201-45AE-93FB-C6D2C9D076DA}"
EndProject
Global
	GlobalSection(SolutionConfigurationPlatforms) = preSolution
		Debug|Win32 = Debug|Win32
		Release|Win32 = Release|Win32
	EndGlobalSection
	GlobalSection(ProjectConfigurationPlatforms) = postSolution
		{5873C586-0201-45AE-93FB-C6D2C9D076DA}.Debug|Win32.ActiveCfg = Debug|Win32
		{5873C586-0201-45AE-93FB-C6D2C9D076DA}.Debug|Win32.Build.0 = Debug|Win32
		{5873C586-0201-45AE-93FB-C6D2C9D076DA}.Release|Win32.ActiveCfg = Release|Win32
		{5873C586-0201-45AE-93FB-C6D2C9D076DA}.Release|Win32.Build.0 = Release|Win32
	EndGlobalSection
	GlobalSection(SolutionProperties) = preSolution
		HideSolutionNode = FALSE
	EndGlobalSection
EndGlobal
